
Microsoft Visual Studio Solution File, Format Version 12.00
# Visual Studio Version 16
VisualStudioVersion = 16.0.810.11
MinimumVisualStudioVersion = 10.0.40219.1
Project("{FAE04EC0-301F-11D3-BF4B-00C04F79EFBC}") = "CoordenadasGeograficas", "CoordenadasGeograficas\CoordenadasGeograficas.csproj", "{1A062F6C-B8AD-4951-997C-6713D2D0B552}"
EndProject
Global
	GlobalSection(SolutionConfigurationPlatforms) = preSolution
		Debug|anycpu = Debug|anycpu
		Release|anycpu = Release|anycpu
	EndGlobalSection
	GlobalSection(ProjectConfigurationPlatforms) = postSolution
		{1A062F6C-B8AD-4951-997C-6713D2D0B552}.Debug|anycpu.ActiveCfg = Debug|anycpu
		{1A062F6C-B8AD-4951-997C-6713D2D0B552}.Debug|anycpu.Build.0 = Debug|anycpu
		{1A062F6C-B8AD-4951-997C-6713D2D0B552}.Release|anycpu.ActiveCfg = Release|anycpu
		{1A062F6C-B8AD-4951-997C-6713D2D0B552}.Release|anycpu.Build.0 = Release|anycpu
	EndGlobalSection
	GlobalSection(SolutionProperties) = preSolution
		HideSolutionNode = FALSE
	EndGlobalSection
	GlobalSection(ExtensibilityGlobals) = postSolution
		SolutionGuid = {103D16D9-BC60-4269-A6C0-3B3C033D8753}
	EndGlobalSection
EndGlobal
